
Microsoft Visual Studio Solution File, Format Version 12.00
# Visual Studio Version 17
VisualStudioVersion = 17.7.34024.191
MinimumVisualStudioVersion = 10.0.40219.1
Project("{9A19103F-16F7-4668-BE54-9A1E7A4F7556}") = "SnowFall", "SnowFall\SnowFall.csproj", "{D683462B-10B3-4086-922D-05F20A639574}"
EndProject
Project("{9A19103F-16F7-4668-BE54-9A1E7A4F7556}") = "Infrastructure", "Infrastructure\Infrastructure.csproj", "{808E4F07-1769-4CC1-BC78-E972E3490F6F}"
EndProject
Project("{9A19103F-16F7-4668-BE54-9A1E7A4F7556}") = "TCPServerCore", "TCPServerCore\TCPServerCore.csproj", "{D16CF0C4-AB60-41E3-AEFF-9B543986894D}"
EndProject
Project("{9A19103F-16F7-4668-BE54-9A1E7A4F7556}") = "TCPServerExample", "TCPServerExample\TCPServerExample.csproj", "{206D08DE-F975-41ED-9892-DF65CE15E9E3}"
EndProject
Project("{9A19103F-16F7-4668-BE54-9A1E7A4F7556}") = "TestExample", "TestExample\TestExample.csproj", "{E480E99B-4BBE-4428-BEC1-ADC18F135FE0}"
EndProject
Project("{9A19103F-16F7-4668-BE54-9A1E7A4F7556}") = "PacketGenerator", "PacketGenerator\PacketGenerator.csproj", "{95A82DC0-A3BE-4A40-8C03-5AD595E5553E}"
EndProject
Project("{2150E333-8FDC-42A3-9474-1A3956D46DE8}") = "Tools", "Tools", "{8E0481FB-B2A2-44F3-9AB7-20C3DB1BCE8E}"
EndProject
Global
	GlobalSection(SolutionConfigurationPlatforms) = preSolution
		Debug|Any CPU = Debug|Any CPU
		Release|Any CPU = Release|Any CPU
	EndGlobalSection
	GlobalSection(ProjectConfigurationPlatforms) = postSolution
		{D683462B-10B3-4086-922D-05F20A639574}.Debug|Any CPU.ActiveCfg = Debug|Any CPU
		{D683462B-10B3-4086-922D-05F20A639574}.Debug|Any CPU.Build.0 = Debug|Any CPU
		{D683462B-10B3-4086-922D-05F20A639574}.Release|Any CPU.ActiveCfg = Release|Any CPU
		{D683462B-10B3-4086-922D-05F20A639574}.Release|Any CPU.Build.0 = Release|Any CPU
		{808E4F07-1769-4CC1-BC78-E972E3490F6F}.Debug|Any CPU.ActiveCfg = Debug|Any CPU
		{808E4F07-1769-4CC1-BC78-E972E3490F6F}.Debug|Any CPU.Build.0 = Debug|Any CPU
		{808E4F07-1769-4CC1-BC78-E972E3490F6F}.Release|Any CPU.ActiveCfg = Release|Any CPU
		{808E4F07-1769-4CC1-BC78-E972E3490F6F}.Release|Any CPU.Build.0 = Release|Any CPU
		{D16CF0C4-AB60-41E3-AEFF-9B543986894D}.Debug|Any CPU.ActiveCfg = Debug|Any CPU
		{D16CF0C4-AB60-41E3-AEFF-9B543986894D}.Debug|Any CPU.Build.0 = Debug|Any CPU
		{D16CF0C4-AB60-41E3-AEFF-9B543986894D}.Release|Any CPU.ActiveCfg = Release|Any CPU
		{D16CF0C4-AB60-41E3-AEFF-9B543986894D}.Release|Any CPU.Build.0 = Release|Any CPU
		{206D08DE-F975-41ED-9892-DF65CE15E9E3}.Debug|Any CPU.ActiveCfg = Debug|Any CPU
		{206D08DE-F975-41ED-9892-DF65CE15E9E3}.Debug|Any CPU.Build.0 = Debug|Any CPU
		{206D08DE-F975-41ED-9892-DF65CE15E9E3}.Release|Any CPU.ActiveCfg = Release|Any CPU
		{206D08DE-F975-41ED-9892-DF65CE15E9E3}.Release|Any CPU.Build.0 = Release|Any CPU
		{E480E99B-4BBE-4428-BEC1-ADC18F135FE0}.Debug|Any CPU.ActiveCfg = Debug|Any CPU
		{E480E99B-4BBE-4428-BEC1-ADC18F135FE0}.Debug|Any CPU.Build.0 = Debug|Any CPU
		{E480E99B-4BBE-4428-BEC1-ADC18F135FE0}.Release|Any CPU.ActiveCfg = Release|Any CPU
		{E480E99B-4BBE-4428-BEC1-ADC18F135FE0}.Release|Any CPU.Build.0 = Release|Any CPU
		{95A82DC0-A3BE-4A40-8C03-5AD595E5553E}.Debug|Any CPU.ActiveCfg = Debug|Any CPU
		{95A82DC0-A3BE-4A40-8C03-5AD595E5553E}.Debug|Any CPU.Build.0 = Debug|Any CPU
		{95A82DC0-A3BE-4A40-8C03-5AD595E5553E}.Release|Any CPU.ActiveCfg = Release|Any CPU
		{95A82DC0-A3BE-4A40-8C03-5AD595E5553E}.Release|Any CPU.Build.0 = Release|Any CPU
	EndGlobalSection
	GlobalSection(SolutionProperties) = preSolution
		HideSolutionNode = FALSE
	EndGlobalSection
	GlobalSection(NestedProjects) = preSolution
		{95A82DC0-A3BE-4A40-8C03-5AD595E5553E} = {8E0481FB-B2A2-44F3-9AB7-20C3DB1BCE8E}
	EndGlobalSection
	GlobalSection(ExtensibilityGlobals) = postSolution
		SolutionGuid = {0900055F-FB53-4BAB-9F82-145107D5A164}
	EndGlobalSection
EndGlobal
